
Microsoft Visual Studio Solution File, Format Version 12.00
# Visual Studio 14
VisualStudioVersion = 14.0.25420.1
MinimumVisualStudioVersion = 10.0.40219.1
Project("{FAE04EC0-301F-11D3-BF4B-00C04F79EFBC}") = "ColdSort", "ColdSort\ColdSort.csproj", "{5940980F-681B-4EBF-BAC5-4F16A1E2ECCE}"
EndProject
Project("{FAE04EC0-301F-11D3-BF4B-00C04F79EFBC}") = "ColdSort.Test", "ColdSort.Test\ColdSort.Test.csproj", "{5F953805-B62E-4078-BB34-F126F8997C1E}"
EndProject
Global
	GlobalSection(SolutionConfigurationPlatforms) = preSolution
		Debug|Any CPU = Debug|Any CPU
		Debug|ARM = Debug|ARM
		Debug|x64 = Debug|x64
		Debug|x86 = Debug|x86
		Release|Any CPU = Release|Any CPU
		Release|ARM = Release|ARM
		Release|x64 = Release|x64
		Release|x86 = Release|x86
	EndGlobalSection
	GlobalSection(ProjectConfigurationPlatforms) = postSolution
		{5940980F-681B-4EBF-BAC5-4F16A1E2ECCE}.Debug|Any CPU.ActiveCfg = Debug|Any CPU
		{5940980F-681B-4EBF-BAC5-4F16A1E2ECCE}.Debug|Any CPU.Build.0 = Debug|Any CPU
		{5940980F-681B-4EBF-BAC5-4F16A1E2ECCE}.Debug|ARM.ActiveCfg = Debug|Any CPU
		{5940980F-681B-4EBF-BAC5-4F16A1E2ECCE}.Debug|ARM.Build.0 = Debug|Any CPU
		{5940980F-681B-4EBF-BAC5-4F16A1E2ECCE}.Debug|x64.ActiveCfg = Debug|Any CPU
		{5940980F-681B-4EBF-BAC5-4F16A1E2ECCE}.Debug|x64.Build.0 = Debug|Any CPU
		{5940980F-681B-4EBF-BAC5-4F16A1E2ECCE}.Debug|x86.ActiveCfg = Debug|Any CPU
		{5940980F-681B-4EBF-BAC5-4F16A1E2ECCE}.Debug|x86.Build.0 = Debug|Any CPU
		{5940980F-681B-4EBF-BAC5-4F16A1E2ECCE}.Release|Any CPU.ActiveCfg = Release|Any CPU
		{5940980F-681B-4EBF-BAC5-4F16A1E2ECCE}.Release|Any CPU.Build.0 = Release|Any CPU
		{5940980F-681B-4EBF-BAC5-4F16A1E2ECCE}.Release|ARM.ActiveCfg = Release|Any CPU
		{5940980F-681B-4EBF-BAC5-4F16A1E2ECCE}.Release|ARM.Build.0 = Release|Any CPU
		{5940980F-681B-4EBF-BAC5-4F16A1E2ECCE}.Release|x64.ActiveCfg = Release|Any CPU
		{5940980F-681B-4EBF-BAC5-4F16A1E2ECCE}.Release|x64.Build.0 = Release|Any CPU
		{5940980F-681B-4EBF-BAC5-4F16A1E2ECCE}.Release|x86.ActiveCfg = Release|Any CPU
		{5940980F-681B-4EBF-BAC5-4F16A1E2ECCE}.Release|x86.Build.0 = Release|Any CPU
		{5F953805-B62E-4078-BB34-F126F8997C1E}.Debug|Any CPU.ActiveCfg = Debug|Any CPU
		{5F953805-B62E-4078-BB34-F126F8997C1E}.Debug|Any CPU.Build.0 = Debug|Any CPU
		{5F953805-B62E-4078-BB34-F126F8997C1E}.Debug|ARM.ActiveCfg = Debug|Any CPU
		{5F953805-B62E-4078-BB34-F126F8997C1E}.Debug|ARM.Build.0 = Debug|Any CPU
		{5F953805-B62E-4078-BB34-F126F8997C1E}.Debug|x64.ActiveCfg = Debug|Any CPU
		{5F953805-B62E-4078-BB34-F126F8997C1E}.Debug|x64.Build.0 = Debug|Any CPU
		{5F953805-B62E-4078-BB34-F126F8997C1E}.Debug|x86.ActiveCfg = Debug|Any CPU
		{5F953805-B62E-4078-BB34-F126F8997C1E}.Debug|x86.Build.0 = Debug|Any CPU
		{5F953805-B62E-4078-BB34-F126F8997C1E}.Release|Any CPU.ActiveCfg = Release|Any CPU
		{5F953805-B62E-4078-BB34-F126F8997C1E}.Release|Any CPU.Build.0 = Release|Any CPU
		{5F953805-B62E-4078-BB34-F126F8997C1E}.Release|ARM.ActiveCfg = Release|Any CPU
		{5F953805-B62E-4078-BB34-F126F8997C1E}.Release|ARM.Build.0 = Release|Any CPU
		{5F953805-B62E-4078-BB34-F126F8997C1E}.Release|x64.ActiveCfg = Release|Any CPU
		{5F953805-B62E-4078-BB34-F126F8997C1E}.Release|x64.Build.0 = Release|Any CPU
		{5F953805-B62E-4078-BB34-F126F8997C1E}.Release|x86.ActiveCfg = Release|Any CPU
		{5F953805-B62E-4078-BB34-F126F8997C1E}.Release|x86.Build.0 = Release|Any CPU
	EndGlobalSection
	GlobalSection(SolutionProperties) = preSolution
		HideSolutionNode = FALSE
	EndGlobalSection
EndGlobal
